
Microsoft Visual Studio Solution File, Format Version 12.00
# Visual Studio Version 17
VisualStudioVersion = 17.8.34330.188
MinimumVisualStudioVersion = 10.0.40219.1
Project("{FAE04EC0-301F-11D3-BF4B-00C04F79EFBC}") = "Utils", "Utils\Utils.csproj", "{533D175D-0A98-4AD0-974A-7D7BCFB50645}"
EndProject
Project("{FAE04EC0-301F-11D3-BF4B-00C04F79EFBC}") = "Utils.Tests.Unit", "Utils.Tests.Unit\Utils.Tests.Unit.csproj", "{732C089C-E942-474C-9BAE-17A8E654C7A6}"
EndProject
Global
	GlobalSection(SolutionConfigurationPlatforms) = preSolution
		Debug|Any CPU = Debug|Any CPU
		Release|Any CPU = Release|Any CPU
	EndGlobalSection
	GlobalSection(ProjectConfigurationPlatforms) = postSolution
		{533D175D-0A98-4AD0-974A-7D7BCFB50645}.Debug|Any CPU.ActiveCfg = Debug|Any CPU
		{533D175D-0A98-4AD0-974A-7D7BCFB50645}.Debug|Any CPU.Build.0 = Debug|Any CPU
		{533D175D-0A98-4AD0-974A-7D7BCFB50645}.Release|Any CPU.ActiveCfg = Release|Any CPU
		{533D175D-0A98-4AD0-974A-7D7BCFB50645}.Release|Any CPU.Build.0 = Release|Any CPU
		{732C089C-E942-474C-9BAE-17A8E654C7A6}.Debug|Any CPU.ActiveCfg = Debug|Any CPU
		{732C089C-E942-474C-9BAE-17A8E654C7A6}.Debug|Any CPU.Build.0 = Debug|Any CPU
		{732C089C-E942-474C-9BAE-17A8E654C7A6}.Release|Any CPU.ActiveCfg = Release|Any CPU
		{732C089C-E942-474C-9BAE-17A8E654C7A6}.Release|Any CPU.Build.0 = Release|Any CPU
	EndGlobalSection
	GlobalSection(SolutionProperties) = preSolution
		HideSolutionNode = FALSE
	EndGlobalSection
	GlobalSection(ExtensibilityGlobals) = postSolution
		SolutionGuid = {C9BD0923-F87E-4DD7-9052-6C9C7FE844B0}
	EndGlobalSection
EndGlobal
